
Microsoft Visual Studio Solution File, Format Version 12.00
# Visual Studio Version 17
VisualStudioVersion = 17.3.32922.545
MinimumVisualStudioVersion = 10.0.40219.1
Project("{9A19103F-16F7-4668-BE54-9A1E7A4F7556}") = "SnakeGame", "SnakeGame.csproj", "{18DD89EF-4EFC-494F-A628-31587C804FAE}"
EndProject
Global
	GlobalSection(SolutionConfigurationPlatforms) = preSolution
		Debug|Any CPU = Debug|Any CPU
		Release|Any CPU = Release|Any CPU
		Snake|Any CPU = Snake|Any CPU
	EndGlobalSection
	GlobalSection(ProjectConfigurationPlatforms) = postSolution
		{18DD89EF-4EFC-494F-A628-31587C804FAE}.Debug|Any CPU.ActiveCfg = Debug|Any CPU
		{18DD89EF-4EFC-494F-A628-31587C804FAE}.Debug|Any CPU.Build.0 = Debug|Any CPU
		{18DD89EF-4EFC-494F-A628-31587C804FAE}.Release|Any CPU.ActiveCfg = Release|Any CPU
		{18DD89EF-4EFC-494F-A628-31587C804FAE}.Release|Any CPU.Build.0 = Release|Any CPU
		{18DD89EF-4EFC-494F-A628-31587C804FAE}.Snake|Any CPU.ActiveCfg = Snake|Any CPU
		{18DD89EF-4EFC-494F-A628-31587C804FAE}.Snake|Any CPU.Build.0 = Snake|Any CPU
	EndGlobalSection
	GlobalSection(SolutionProperties) = preSolution
		HideSolutionNode = FALSE
	EndGlobalSection
	GlobalSection(ExtensibilityGlobals) = postSolution
		SolutionGuid = {63B37B5E-430F-4E75-A602-60B8EC9AAC96}
	EndGlobalSection
EndGlobal
